
Microsoft Visual Studio Solution File, Format Version 12.00
# Visual Studio 15
VisualStudioVersion = 15.0.28307.329
MinimumVisualStudioVersion = 10.0.40219.1
Project("{FAE04EC0-301F-11D3-BF4B-00C04F79EFBC}") = "BusinessObjects", "BusinessLayer\BusinessObjects\BusinessObjects.csproj", "{1D196E09-130D-41F8-8E9C-AD7D9317D7A0}"
EndProject
Project("{2150E333-8FDC-42A3-9474-1A3956D46DE8}") = "Electro", "Electro", "{D6CE839A-1351-495C-A264-7309CD0E5803}"
EndProject
Project("{2150E333-8FDC-42A3-9474-1A3956D46DE8}") = "BusinessLayer", "BusinessLayer", "{162FBF80-3A76-4CE8-8C0E-0A6D81F1B083}"
EndProject
Project("{2150E333-8FDC-42A3-9474-1A3956D46DE8}") = "DataLayer", "DataLayer", "{C587C628-F0A4-49E2-B9DB-CE388D1C18A1}"
EndProject
Project("{FAE04EC0-301F-11D3-BF4B-00C04F79EFBC}") = "ValueObjects", "BusinessLayer\ValueObjects\ValueObjects.csproj", "{A81A28DF-071D-4C75-AECB-0DAD6A44A7CF}"
EndProject
Project("{E24C65DC-7377-472B-9ABA-BC803B73C61A}") = "EF", "EF\", "{ECECA744-E969-4A9E-B457-7A4C96EDB700}"
	ProjectSection(WebsiteProperties) = preProject
		TargetFrameworkMoniker = ".NETFramework,Version%3Dv4.5"
		ProjectReferences = "{1d196e09-130d-41f8-8e9c-ad7d9317d7a0}|Electro.BusinessLayer.BusinessObjects.dll;{A81A28DF-071D-4C75-AECB-0DAD6A44A7CF}|Electro.BusinessLayer.ValueObjects.dll;{57337CE2-AAF6-47C6-A209-1DD541403D19}|Electro.DataLayer.DataObjects.dll;"
		Debug.AspNetCompiler.VirtualPath = "/localhost_56042"
		Debug.AspNetCompiler.PhysicalPath = "EF\"
		Debug.AspNetCompiler.TargetPath = "PrecompiledWeb\localhost_56042\"
		Debug.AspNetCompiler.Updateable = "true"
		Debug.AspNetCompiler.ForceOverwrite = "true"
		Debug.AspNetCompiler.FixedNames = "false"
		Debug.AspNetCompiler.Debug = "True"
		Release.AspNetCompiler.VirtualPath = "/localhost_56042"
		Release.AspNetCompiler.PhysicalPath = "EF\"
		Release.AspNetCompiler.TargetPath = "PrecompiledWeb\localhost_56042\"
		Release.AspNetCompiler.Updateable = "true"
		Release.AspNetCompiler.ForceOverwrite = "true"
		Release.AspNetCompiler.FixedNames = "false"
		Release.AspNetCompiler.Debug = "False"
		VWDPort = "56042"
		SlnRelativePath = "EF\"
		DefaultWebSiteLanguage = "Visual C#"
	EndProjectSection
EndProject
Project("{FAE04EC0-301F-11D3-BF4B-00C04F79EFBC}") = "DataObjects", "DataLayer\DataObjects.csproj", "{57337CE2-AAF6-47C6-A209-1DD541403D19}"
EndProject
Global
	GlobalSection(SolutionConfigurationPlatforms) = preSolution
		Debug|.NET = Debug|.NET
		Debug|Any CPU = Debug|Any CPU
		Debug|Mixed Platforms = Debug|Mixed Platforms
		Release|.NET = Release|.NET
		Release|Any CPU = Release|Any CPU
		Release|Mixed Platforms = Release|Mixed Platforms
	EndGlobalSection
	GlobalSection(ProjectConfigurationPlatforms) = postSolution
		{1D196E09-130D-41F8-8E9C-AD7D9317D7A0}.Debug|.NET.ActiveCfg = Debug|Any CPU
		{1D196E09-130D-41F8-8E9C-AD7D9317D7A0}.Debug|.NET.Build.0 = Debug|Any CPU
		{1D196E09-130D-41F8-8E9C-AD7D9317D7A0}.Debug|Any CPU.ActiveCfg = Debug|Any CPU
		{1D196E09-130D-41F8-8E9C-AD7D9317D7A0}.Debug|Any CPU.Build.0 = Debug|Any CPU
		{1D196E09-130D-41F8-8E9C-AD7D9317D7A0}.Debug|Mixed Platforms.ActiveCfg = Debug|Any CPU
		{1D196E09-130D-41F8-8E9C-AD7D9317D7A0}.Debug|Mixed Platforms.Build.0 = Debug|Any CPU
		{1D196E09-130D-41F8-8E9C-AD7D9317D7A0}.Release|.NET.ActiveCfg = Release|Any CPU
		{1D196E09-130D-41F8-8E9C-AD7D9317D7A0}.Release|Any CPU.ActiveCfg = Release|Any CPU
		{1D196E09-130D-41F8-8E9C-AD7D9317D7A0}.Release|Any CPU.Build.0 = Release|Any CPU
		{1D196E09-130D-41F8-8E9C-AD7D9317D7A0}.Release|Mixed Platforms.ActiveCfg = Release|Any CPU
		{1D196E09-130D-41F8-8E9C-AD7D9317D7A0}.Release|Mixed Platforms.Build.0 = Release|Any CPU
		{A81A28DF-071D-4C75-AECB-0DAD6A44A7CF}.Debug|.NET.ActiveCfg = Debug|Any CPU
		{A81A28DF-071D-4C75-AECB-0DAD6A44A7CF}.Debug|.NET.Build.0 = Debug|Any CPU
		{A81A28DF-071D-4C75-AECB-0DAD6A44A7CF}.Debug|Any CPU.ActiveCfg = Debug|Any CPU
		{A81A28DF-071D-4C75-AECB-0DAD6A44A7CF}.Debug|Any CPU.Build.0 = Debug|Any CPU
		{A81A28DF-071D-4C75-AECB-0DAD6A44A7CF}.Debug|Mixed Platforms.ActiveCfg = Debug|Any CPU
		{A81A28DF-071D-4C75-AECB-0DAD6A44A7CF}.Debug|Mixed Platforms.Build.0 = Debug|Any CPU
		{A81A28DF-071D-4C75-AECB-0DAD6A44A7CF}.Release|.NET.ActiveCfg = Release|Any CPU
		{A81A28DF-071D-4C75-AECB-0DAD6A44A7CF}.Release|.NET.Build.0 = Release|Any CPU
		{A81A28DF-071D-4C75-AECB-0DAD6A44A7CF}.Release|Any CPU.ActiveCfg = Release|Any CPU
		{A81A28DF-071D-4C75-AECB-0DAD6A44A7CF}.Release|Any CPU.Build.0 = Release|Any CPU
		{A81A28DF-071D-4C75-AECB-0DAD6A44A7CF}.Release|Mixed Platforms.ActiveCfg = Release|Any CPU
		{A81A28DF-071D-4C75-AECB-0DAD6A44A7CF}.Release|Mixed Platforms.Build.0 = Release|Any CPU
		{ECECA744-E969-4A9E-B457-7A4C96EDB700}.Debug|.NET.ActiveCfg = Debug|Any CPU
		{ECECA744-E969-4A9E-B457-7A4C96EDB700}.Debug|.NET.Build.0 = Debug|Any CPU
		{ECECA744-E969-4A9E-B457-7A4C96EDB700}.Debug|Any CPU.ActiveCfg = Debug|Any CPU
		{ECECA744-E969-4A9E-B457-7A4C96EDB700}.Debug|Any CPU.Build.0 = Debug|Any CPU
		{ECECA744-E969-4A9E-B457-7A4C96EDB700}.Debug|Mixed Platforms.ActiveCfg = Debug|Any CPU
		{ECECA744-E969-4A9E-B457-7A4C96EDB700}.Debug|Mixed Platforms.Build.0 = Debug|Any CPU
		{ECECA744-E969-4A9E-B457-7A4C96EDB700}.Release|.NET.ActiveCfg = Debug|Any CPU
		{ECECA744-E969-4A9E-B457-7A4C96EDB700}.Release|.NET.Build.0 = Debug|Any CPU
		{ECECA744-E969-4A9E-B457-7A4C96EDB700}.Release|Any CPU.ActiveCfg = Debug|Any CPU
		{ECECA744-E969-4A9E-B457-7A4C96EDB700}.Release|Any CPU.Build.0 = Debug|Any CPU
		{ECECA744-E969-4A9E-B457-7A4C96EDB700}.Release|Mixed Platforms.ActiveCfg = Debug|Any CPU
		{ECECA744-E969-4A9E-B457-7A4C96EDB700}.Release|Mixed Platforms.Build.0 = Debug|Any CPU
		{57337CE2-AAF6-47C6-A209-1DD541403D19}.Debug|.NET.ActiveCfg = Debug|Any CPU
		{57337CE2-AAF6-47C6-A209-1DD541403D19}.Debug|.NET.Build.0 = Debug|Any CPU
		{57337CE2-AAF6-47C6-A209-1DD541403D19}.Debug|Any CPU.ActiveCfg = Debug|Any CPU
		{57337CE2-AAF6-47C6-A209-1DD541403D19}.Debug|Any CPU.Build.0 = Debug|Any CPU
		{57337CE2-AAF6-47C6-A209-1DD541403D19}.Debug|Mixed Platforms.ActiveCfg = Debug|Any CPU
		{57337CE2-AAF6-47C6-A209-1DD541403D19}.Debug|Mixed Platforms.Build.0 = Debug|Any CPU
		{57337CE2-AAF6-47C6-A209-1DD541403D19}.Release|.NET.ActiveCfg = Release|Any CPU
		{57337CE2-AAF6-47C6-A209-1DD541403D19}.Release|.NET.Build.0 = Release|Any CPU
		{57337CE2-AAF6-47C6-A209-1DD541403D19}.Release|Any CPU.ActiveCfg = Release|Any CPU
		{57337CE2-AAF6-47C6-A209-1DD541403D19}.Release|Any CPU.Build.0 = Release|Any CPU
		{57337CE2-AAF6-47C6-A209-1DD541403D19}.Release|Mixed Platforms.ActiveCfg = Release|Any CPU
		{57337CE2-AAF6-47C6-A209-1DD541403D19}.Release|Mixed Platforms.Build.0 = Release|Any CPU
	EndGlobalSection
	GlobalSection(SolutionProperties) = preSolution
		HideSolutionNode = FALSE
	EndGlobalSection
	GlobalSection(NestedProjects) = preSolution
		{1D196E09-130D-41F8-8E9C-AD7D9317D7A0} = {162FBF80-3A76-4CE8-8C0E-0A6D81F1B083}
		{162FBF80-3A76-4CE8-8C0E-0A6D81F1B083} = {D6CE839A-1351-495C-A264-7309CD0E5803}
		{C587C628-F0A4-49E2-B9DB-CE388D1C18A1} = {D6CE839A-1351-495C-A264-7309CD0E5803}
		{A81A28DF-071D-4C75-AECB-0DAD6A44A7CF} = {162FBF80-3A76-4CE8-8C0E-0A6D81F1B083}
		{ECECA744-E969-4A9E-B457-7A4C96EDB700} = {D6CE839A-1351-495C-A264-7309CD0E5803}
		{57337CE2-AAF6-47C6-A209-1DD541403D19} = {C587C628-F0A4-49E2-B9DB-CE388D1C18A1}
	EndGlobalSection
	GlobalSection(ExtensibilityGlobals) = postSolution
		SolutionGuid = {141D28A5-7D9F-4B61-B118-E3CA3846FDE3}
		VisualSVNWorkingCopyRoot = .
	EndGlobalSection
EndGlobal
